// !$*UTF8*$!
{
  archiveVersion = 1;
  classes = {};
  objectVersion = 55;
  objects = {

/* Begin PBXBuildFile section */
    1FAPP0001 /* LiDarXApp.swift in Sources */ = {isa = PBXBuildFile; fileRef = 1FAPP1001 /* LiDarXApp.swift */; };
    1FAPP0002 /* ContentView.swift in Sources */ = {isa = PBXBuildFile; fileRef = 1FAPP1002 /* ContentView.swift */; };
    1FAPP0003 /* Assets.xcassets in Resources */ = {isa = PBXBuildFile; fileRef = 1FAPP2001 /* Assets.xcassets */; };
    1FAPP0004 /* LaunchScreen.storyboard in Resources */ = {isa = PBXBuildFile; fileRef = 1FAPP3001 /* LaunchScreen.storyboard */; };
    1FAPP0005 /* Info.plist in Resources */ = {isa = PBXBuildFile; fileRef = 1FAPP4001 /* Info.plist */; };
/* End PBXBuildFile section */

/* Begin PBXFileReference section */
    1FAPP1001 /* LiDarXApp.swift */ = {isa = PBXFileReference; lastKnownFileType = sourcecode.swift; path = LiDarXApp.swift; sourceTree = "<group>"; };
    1FAPP1002 /* ContentView.swift */ = {isa = PBXFileReference; lastKnownFileType = sourcecode.swift; path = ContentView.swift; sourceTree = "<group>"; };
    1FAPP2001 /* Assets.xcassets */ = {isa = PBXFileReference; lastKnownFileType = folder.assetcatalog; path = Assets.xcassets; sourceTree = "<group>"; };
    1FAPP3001 /* LaunchScreen.storyboard */ = {isa = PBXFileReference; lastKnownFileType = file.storyboard; path = LaunchScreen.storyboard; sourceTree = "<group>"; };
    1FAPP4001 /* Info.plist */ = {isa = PBXFileReference; lastKnownFileType = text.plist.xml; path = Info.plist; sourceTree = "<group>"; };
    1FPROD0001 /* LiDarX Agricultural.app */ = {isa = PBXFileReference; explicitFileType = wrapper.application; includeInIndex = 0; path = "LiDarX Agricultural.app"; sourceTree = BUILT_PRODUCTS_DIR; };
/* End PBXFileReference section */

/* Begin PBXFrameworksBuildPhase section */
    1FFRAME0001 /* Frameworks */ = {isa = PBXFrameworksBuildPhase; buildActionMask = 2147483647; files = (); runOnlyForDeploymentPostprocessing = 0; };
/* End PBXFrameworksBuildPhase section */

/* Begin PBXGroup section */
    1FROOT0001 = {
      isa = PBXGroup;
      children = (
        1FSRC0001 /* LiDarX */,
        1FPRODGRP /* Products */,
      );
      sourceTree = "<group>";
    };
    1FSRC0001 /* LiDarX */ = {
      isa = PBXGroup;
      path = LiDarX;
      sourceTree = "<group>";
      children = (
        1FAPP1001 /* LiDarXApp.swift */,
        1FAPP1002 /* ContentView.swift */,
        1FAPP2001 /* Assets.xcassets */,
        1FAPP3001 /* LaunchScreen.storyboard */,
        1FAPP4001 /* Info.plist */,
      );
    };
    1FPRODGRP /* Products */ = {
      isa = PBXGroup;
      children = ( 1FPROD0001 /* LiDarX Agricultural.app */, );
      name = Products;
      sourceTree = "<group>";
    };
/* End PBXGroup section */

/* Begin PBXNativeTarget section */
    1FTARGET /* LiDarX Agricultural */ = {
      isa = PBXNativeTarget;
      buildConfigurationList = 1FCONFIGLIST /* Build configuration list for PBXNativeTarget "LiDarX Agricultural" */;
      buildPhases = (
        1FSOURCES /* Sources */,
        1FFRAME0001 /* Frameworks */,
        1FRESOURCES /* Resources */,
      );
      buildRules = ( );
      dependencies = ( );
      name = "LiDarX Agricultural";
      productName = LiDarX;
      productReference = 1FPROD0001 /* LiDarX Agricultural.app */;
      productType = "com.apple.product-type.application";
    };
/* End PBXNativeTarget section */

/* Begin PBXProject section */
    1FPROJECT /* Project object */ = {
      isa = PBXProject;
      attributes = {
        LastSwiftUpdateCheck = 1500;
        LastUpgradeCheck = 1500;
        ORGANIZATIONNAME = "LiDarX";
        TargetAttributes = {
          1FTARGET = { CreatedOnToolsVersion = 15.0; };
        };
      };
      buildConfigurationList = 1FPROJCONFIGLIST /* Build configuration list for PBXProject "LiDarX" */;
      compatibilityVersion = "Xcode 15.0";
      developmentRegion = en;
      hasScannedForEncodings = 0;
      knownRegions = ( en, Base );
      mainGroup = 1FROOT0001;
      productRefGroup = 1FPRODGRP /* Products */;
      projectDirPath = "";
      projectRoot = "";
      targets = ( 1FTARGET );
    };
/* End PBXProject section */

/* Begin PBXResourcesBuildPhase section */
    1FRESOURCES /* Resources */ = {
      isa = PBXResourcesBuildPhase;
      buildActionMask = 2147483647;
      files = (
        1FAPP0003 /* Assets.xcassets in Resources */,
        1FAPP0004 /* LaunchScreen.storyboard in Resources */,
        1FAPP0005 /* Info.plist in Resources */,
      );
      runOnlyForDeploymentPostprocessing = 0;
    };
/* End PBXResourcesBuildPhase section */

/* Begin PBXSourcesBuildPhase section */
    1FSOURCES /* Sources */ = {
      isa = PBXSourcesBuildPhase;
      buildActionMask = 2147483647;
      files = (
        1FAPP0001 /* LiDarXApp.swift in Sources */,
        1FAPP0002 /* ContentView.swift in Sources */,
      );
      runOnlyForDeploymentPostprocessing = 0;
    };
/* End PBXSourcesBuildPhase section */

/* Begin XCBuildConfiguration section */
    1FDEBUG /* Debug */ = {
      isa = XCBuildConfiguration;
      buildSettings = {
        ASSETCATALOG_COMPILER_APPICON_NAME = AppIcon;
        INFOPLIST_FILE = LiDarX/Info.plist;
        IPHONEOS_DEPLOYMENT_TARGET = 15.0;
        LD_RUNPATH_SEARCH_PATHS = "$(inherited) @executable_path/Frameworks";
        PRODUCT_BUNDLE_IDENTIFIER = com.lidarx.agricultural;
        PRODUCT_NAME = "LiDarX Agricultural";
        SWIFT_VERSION = 5.0;
        TARGETED_DEVICE_FAMILY = "1,2";
      };
      name = Debug;
    };
    1FRELEASE /* Release */ = {
      isa = XCBuildConfiguration;
      buildSettings = {
        ASSETCATALOG_COMPILER_APPICON_NAME = AppIcon;
        INFOPLIST_FILE = LiDarX/Info.plist;
        IPHONEOS_DEPLOYMENT_TARGET = 15.0;
        LD_RUNPATH_SEARCH_PATHS = "$(inherited) @executable_path/Frameworks";
        PRODUCT_BUNDLE_IDENTIFIER = com.lidarx.agricultural;
        PRODUCT_NAME = "LiDarX Agricultural";
        SWIFT_VERSION = 5.0;
        TARGETED_DEVICE_FAMILY = "1,2";
      };
      name = Release;
    };
/* End XCBuildConfiguration section */

/* Begin XCConfigurationList section */
    1FCONFIGLIST /* Build configuration list for PBXNativeTarget "LiDarX Agricultural" */ = {
      isa = XCConfigurationList;
      buildConfigurations = ( 1FDEBUG, 1FRELEASE );
      defaultConfigurationIsVisible = 0;
      defaultConfigurationName = Release;
    };
    1FPROJCONFIGLIST /* Build configuration list for PBXProject "LiDarX" */ = {
      isa = XCConfigurationList;
      buildConfigurations = ( 1FDEBUG, 1FRELEASE );
      defaultConfigurationIsVisible = 0;
      defaultConfigurationName = Release;
    };
/* End XCConfigurationList section */

  };
  rootObject = 1FPROJECT /* Project object */;
}
